Microsoft Visual Studio Solution File, Format Version 12.00
# Visual Studio Version 17
VisualStudioVersion = 17.5.2.0
MinimumVisualStudioVersion = 10.0.40219.1
Project("{2150E333-8FDC-42A3-9474-1A3956D46DE8}") = "src", "src", "{827E0CD3-B72D-47B6-A68D-7590B98EB39B}"
EndProject
Project("{2150E333-8FDC-42A3-9474-1A3956D46DE8}") = "alternative-bots", "alternative-bots", "{A3963A42-BA02-1665-FEE3-9A6867D26CB0}"
EndProject
Project("{FAE04EC0-301F-11D3-BF4B-00C04F79EFBC}") = "ZigiZaga", "src\alternative-bots\ZigiZaga\ZigiZaga.csproj", "{7825042A-45EC-435E-5C5A-59F581095CC7}"
EndProject
Global
	GlobalSection(SolutionConfigurationPlatforms) = preSolution
		Debug|Any CPU = Debug|Any CPU
		Release|Any CPU = Release|Any CPU
	EndGlobalSection
	GlobalSection(ProjectConfigurationPlatforms) = postSolution
		{7825042A-45EC-435E-5C5A-59F581095CC7}.Debug|Any CPU.ActiveCfg = Debug|Any CPU
		{7825042A-45EC-435E-5C5A-59F581095CC7}.Debug|Any CPU.Build.0 = Debug|Any CPU
		{7825042A-45EC-435E-5C5A-59F581095CC7}.Release|Any CPU.ActiveCfg = Release|Any CPU
		{7825042A-45EC-435E-5C5A-59F581095CC7}.Release|Any CPU.Build.0 = Release|Any CPU
	EndGlobalSection
	GlobalSection(SolutionProperties) = preSolution
		HideSolutionNode = FALSE
	EndGlobalSection
	GlobalSection(NestedProjects) = preSolution
		{A3963A42-BA02-1665-FEE3-9A6867D26CB0} = {827E0CD3-B72D-47B6-A68D-7590B98EB39B}
		{7825042A-45EC-435E-5C5A-59F581095CC7} = {A3963A42-BA02-1665-FEE3-9A6867D26CB0}
	EndGlobalSection
	GlobalSection(ExtensibilityGlobals) = postSolution
		SolutionGuid = {67D2CFC4-77C1-4946-820F-DE7B2DAE4372}
	EndGlobalSection
EndGlobal
